
Microsoft Visual Studio Solution File, Format Version 12.00
# Visual Studio Version 17
VisualStudioVersion = 17.5.33424.131
MinimumVisualStudioVersion = 10.0.40219.1
Project("{FAE04EC0-301F-11D3-BF4B-00C04F79EFBC}") = "diziler4", "diziler4\diziler4.csproj", "{111A482D-5853-4D62-8755-80076AD6D1AD}"
EndProject
Global
	GlobalSection(SolutionConfigurationPlatforms) = preSolution
		Debug|Any CPU = Debug|Any CPU
		Release|Any CPU = Release|Any CPU
	EndGlobalSection
	GlobalSection(ProjectConfigurationPlatforms) = postSolution
		{111A482D-5853-4D62-8755-80076AD6D1AD}.Debug|Any CPU.ActiveCfg = Debug|Any CPU
		{111A482D-5853-4D62-8755-80076AD6D1AD}.Debug|Any CPU.Build.0 = Debug|Any CPU
		{111A482D-5853-4D62-8755-80076AD6D1AD}.Release|Any CPU.ActiveCfg = Release|Any CPU
		{111A482D-5853-4D62-8755-80076AD6D1AD}.Release|Any CPU.Build.0 = Release|Any CPU
	EndGlobalSection
	GlobalSection(SolutionProperties) = preSolution
		HideSolutionNode = FALSE
	EndGlobalSection
	GlobalSection(ExtensibilityGlobals) = postSolution
		SolutionGuid = {795F44C2-64B9-4DE6-BDDC-84A6D5B3C21D}
	EndGlobalSection
EndGlobal
