
Microsoft Visual Studio Solution File, Format Version 12.00
# Visual Studio Version 17
VisualStudioVersion = 17.5.33424.131
MinimumVisualStudioVersion = 10.0.40219.1
Project("{FAE04EC0-301F-11D3-BF4B-00C04F79EFBC}") = "for döngü", "for döngü\for döngü.csproj", "{8720F715-587F-4D78-B53D-665A10FB78B7}"
EndProject
Global
	GlobalSection(SolutionConfigurationPlatforms) = preSolution
		Debug|Any CPU = Debug|Any CPU
		Release|Any CPU = Release|Any CPU
	EndGlobalSection
	GlobalSection(ProjectConfigurationPlatforms) = postSolution
		{8720F715-587F-4D78-B53D-665A10FB78B7}.Debug|Any CPU.ActiveCfg = Debug|Any CPU
		{8720F715-587F-4D78-B53D-665A10FB78B7}.Debug|Any CPU.Build.0 = Debug|Any CPU
		{8720F715-587F-4D78-B53D-665A10FB78B7}.Release|Any CPU.ActiveCfg = Release|Any CPU
		{8720F715-587F-4D78-B53D-665A10FB78B7}.Release|Any CPU.Build.0 = Release|Any CPU
	EndGlobalSection
	GlobalSection(SolutionProperties) = preSolution
		HideSolutionNode = FALSE
	EndGlobalSection
	GlobalSection(ExtensibilityGlobals) = postSolution
		SolutionGuid = {03519C14-70BE-463E-B507-AD1EF864B595}
	EndGlobalSection
EndGlobal
